
Microsoft Visual Studio Solution File, Format Version 12.00
# Visual Studio Version 17
VisualStudioVersion = 17.14.36408.4 d17.14
MinimumVisualStudioVersion = 10.0.40219.1
Project("{8BC9CEB8-8B4A-11D0-8D11-00A0C91BC942}") = "CPP_VersionControl", "CPP_VersionControl\CPP_VersionControl.vcxproj", "{870D1CD3-8729-414F-928E-EF7499A471CD}"
EndProject
Global
	GlobalSection(SolutionConfigurationPlatforms) = preSolution
		Debug|x64 = Debug|x64
		Debug|x86 = Debug|x86
		Release|x64 = Release|x64
		Release|x86 = Release|x86
	EndGlobalSection
	GlobalSection(ProjectConfigurationPlatforms) = postSolution
		{870D1CD3-8729-414F-928E-EF7499A471CD}.Debug|x64.ActiveCfg = Debug|x64
		{870D1CD3-8729-414F-928E-EF7499A471CD}.Debug|x64.Build.0 = Debug|x64
		{870D1CD3-8729-414F-928E-EF7499A471CD}.Debug|x86.ActiveCfg = Debug|Win32
		{870D1CD3-8729-414F-928E-EF7499A471CD}.Debug|x86.Build.0 = Debug|Win32
		{870D1CD3-8729-414F-928E-EF7499A471CD}.Release|x64.ActiveCfg = Release|x64
		{870D1CD3-8729-414F-928E-EF7499A471CD}.Release|x64.Build.0 = Release|x64
		{870D1CD3-8729-414F-928E-EF7499A471CD}.Release|x86.ActiveCfg = Release|Win32
		{870D1CD3-8729-414F-928E-EF7499A471CD}.Release|x86.Build.0 = Release|Win32
	EndGlobalSection
	GlobalSection(SolutionProperties) = preSolution
		HideSolutionNode = FALSE
	EndGlobalSection
	GlobalSection(ExtensibilityGlobals) = postSolution
		SolutionGuid = {7678353E-A674-4C48-82EF-3373BFF14EBB}
	EndGlobalSection
EndGlobal
